<?xml version="1.0" encoding="UTF-8" standalone="yes" ?>
<CodeBlocks_project_file>
	<FileVersion major="1" minor="6" />
	<Project>
		<Option title="sudoku" />
		<Option pch_mode="2" />
		<Option compiler="gcc" />
		<Build>
			<Target title="Debug">
				<Option output="bin/Debug/sudoku" prefix_auto="1" extension_auto="1" />
				<Option object_output="obj/Debug/" />
				<Option type="1" />
				<Option compiler="gcc" />
				<Compiler>
					<Add option="-g" />
				</Compiler>
				<Linker>
					<Add library="SDL_image" />
				</Linker>
			</Target>
			<Target title="Release">
				<Option output="bin/Release/sudoku" prefix_auto="1" extension_auto="1" />
				<Option object_output="obj/Release/" />
				<Option type="0" />
				<Option compiler="gcc" />
				<Compiler>
					<Add option="-O2" />
				</Compiler>
				<Linker>
					<Add option="-s" />
				</Linker>
			</Target>
		</Build>
		<Compiler>
			<Add option="-Wall" />
			<Add directory="C:/Program Files (x86)/CodeBlocks/SDL-1.2.15/include" />
		</Compiler>
		<Linker>
			<Add library="mingw32" />
			<Add library="SDLmain" />
			<Add library="SDL.dll" />
			<Add library="user32" />
			<Add library="gdi32" />
			<Add library="winmm" />
			<Add library="dxguid" />
			<Add directory="C:/Program Files (x86)/CodeBlocks/SDL-1.2.15/lib" />
		</Linker>
		<Unit filename=".c4droid" />
		<Unit filename="0.png" />
		<Unit filename="1.png" />
		<Unit filename="2.png" />
		<Unit filename="3.png" />
		<Unit filename="4.png" />
		<Unit filename="5.png" />
		<Unit filename="6.png" />
		<Unit filename="7.png" />
		<Unit filename="8.png" />
		<Unit filename="9.png" />
		<Unit filename="cb.bmp" />
		<Unit filename="cursor.png" />
		<Unit filename="left_right.png" />
		<Unit filename="loading1.png" />
		<Unit filename="loading2.png" />
		<Unit filename="loading3.png" />
		<Unit filename="main.cpp" />
		<Unit filename="sudoku.cbp" />
		<Unit filename="sudoku.cpp" />
		<Unit filename="sudoku.h" />
		<Unit filename="up_down.png" />
		<Extensions>
			<code_completion />
			<envvars />
			<debugger />
		</Extensions>
	</Project>
</CodeBlocks_project_file>
